// !$*UTF8*$!
{
	archiveVersion = 1;
	classes = {
	};
	objectVersion = 56;
	objects = {

/* Begin PBXFileReference section */
		90ABE3262D12352600AEFFBD /* Piano.txt */ = {isa = PBXFileReference; lastKnownFileType = text; path = Piano.txt; sourceTree = "<group>"; };
		90ABE3272D12352C00AEFFBD /* index.html */ = {isa = PBXFileReference; lastKnownFileType = text.html; path = index.html; sourceTree = "<group>"; };
		90ABE3282D12353200AEFFBD /* styles.css */ = {isa = PBXFileReference; lastKnownFileType = text.css; path = styles.css; sourceTree = "<group>"; };
/* End PBXFileReference section */

/* Begin PBXGroup section */
		90ABE31F2D12351B00AEFFBD = {
			isa = PBXGroup;
			children = (
				90ABE3282D12353200AEFFBD /* styles.css */,
				90ABE3272D12352C00AEFFBD /* index.html */,
				90ABE3262D12352600AEFFBD /* Piano.txt */,
			);
			sourceTree = "<group>";
		};
/* End PBXGroup section */

/* Begin PBXProject section */
		90ABE3202D12351B00AEFFBD /* Project object */ = {
			isa = PBXProject;
			attributes = {
				BuildIndependentTargetsInParallel = 1;
				LastUpgradeCheck = 1520;
			};
			buildConfigurationList = 90ABE3232D12351B00AEFFBD /* Build configuration list for PBXProject "Piano" */;
			compatibilityVersion = "Xcode 14.0";
			developmentRegion = en;
			hasScannedForEncodings = 0;
			knownRegions = (
				en,
				Base,
			);
			mainGroup = 90ABE31F2D12351B00AEFFBD;
			projectDirPath = "";
			projectRoot = "";
			targets = (
			);
		};
/* End PBXProject section */

/* Begin XCBuildConfiguration section */
		90ABE3242D12351B00AEFFBD /* Debug */ = {
			isa = XCBuildConfiguration;
			buildSettings = {
			};
			name = Debug;
		};
		90ABE3252D12351B00AEFFBD /* Release */ = {
			isa = XCBuildConfiguration;
			buildSettings = {
			};
			name = Release;
		};
/* End XCBuildConfiguration section */

/* Begin XCConfigurationList section */
		90ABE3232D12351B00AEFFBD /* Build configuration list for PBXProject "Piano" */ = {
			isa = XCConfigurationList;
			buildConfigurations = (
				90ABE3242D12351B00AEFFBD /* Debug */,
				90ABE3252D12351B00AEFFBD /* Release */,
			);
			defaultConfigurationIsVisible = 0;
			defaultConfigurationName = Release;
		};
/* End XCConfigurationList section */
	};
	rootObject = 90ABE3202D12351B00AEFFBD /* Project object */;
}
